// !$*UTF8*$!
{
	archiveVersion = 1;
	classes = {
	};
	objectVersion = 77;
	objects = {

/* Begin PBXBuildFile section */
		03F772ED3251DEFC3FAE86A1 /* TimeEntryRepository.swift in Sources */ = {isa = PBXBuildFile; fileRef = 4160C3B789C41AF80B9B2778 /* TimeEntryRepository.swift */; };
		0BCACAC90986C885BC2C2B07 /* ProjectRepository.swift in Sources */ = {isa = PBXBuildFile; fileRef = F78056CD367E6C79875A88C6 /* ProjectRepository.swift */; };
		0CDDA10DA4619C14842ED193 /* QuickStatusView.swift in Sources */ = {isa = PBXBuildFile; fileRef = 3BA500134D6E2F9E00993550 /* QuickStatusView.swift */; };
		1486E049F16705FAF0253E44 /* GRDB in Frameworks */ = {isa = PBXBuildFile; productRef = 4700B46E1E99720C27E0045C /* GRDB */; };
		158397D825DA130E2FC4FA38 /* DurationFormatterTests.swift in Sources */ = {isa = PBXBuildFile; fileRef = C3549479341B30A05951782B /* DurationFormatterTests.swift */; };
		179E259EABA63A3B4AD8A711 /* TimeAggregator.swift in Sources */ = {isa = PBXBuildFile; fileRef = 6B8E7BF66635FB8306BA3E22 /* TimeAggregator.swift */; };
		28A759E7306379AAED0FDBBC /* WelcomeView.swift in Sources */ = {isa = PBXBuildFile; fileRef = 3F4D9B4D4BF3A3BAB069562B /* WelcomeView.swift */; };
		31603017418C5B6656331D4E /* Migrations.swift in Sources */ = {isa = PBXBuildFile; fileRef = AD665F4493C2BCE22B74EABD /* Migrations.swift */; };
		34AD49AACD43231CF83741FE /* MainWindowView.swift in Sources */ = {isa = PBXBuildFile; fileRef = 34B10D5B8DADCB3E6BA6F631 /* MainWindowView.swift */; };
		361807EAEA4AB6010AC44F34 /* ReportsView.swift in Sources */ = {isa = PBXBuildFile; fileRef = 87FAF29FD0061C7FA61A06AC /* ReportsView.swift */; };
		37318B4246871669728D8455 /* EntryEditViewModel.swift in Sources */ = {isa = PBXBuildFile; fileRef = 5F6B9D374CC335E6BB8608E2 /* EntryEditViewModel.swift */; };
		3F7DCE1870E00746CF807D5E /* TimeAggregatorTests.swift in Sources */ = {isa = PBXBuildFile; fileRef = 75E91F6841B1448F672BA0AC /* TimeAggregatorTests.swift */; };
		4390E7C34D0C78B066184119 /* TimerControllerTests.swift in Sources */ = {isa = PBXBuildFile; fileRef = 776F1FD91263FA971E07A1FC /* TimerControllerTests.swift */; };
		43FB1F36ED8CB6C189ADD33C /* CSVExporter.swift in Sources */ = {isa = PBXBuildFile; fileRef = 2566201663BF7A2AB93F51A2 /* CSVExporter.swift */; };
		4616EDEE3190569127BB78E5 /* AppDelegate.swift in Sources */ = {isa = PBXBuildFile; fileRef = 5CCD665E990C24738DC54C86 /* AppDelegate.swift */; };
		51CFD01ED96E078CFAE3BC95 /* ProjectEditView.swift in Sources */ = {isa = PBXBuildFile; fileRef = 91AEBD57257F2899519AF7DC /* ProjectEditView.swift */; };
		66D9E4BBBCFD03780C2F9625 /* DatabaseManager.swift in Sources */ = {isa = PBXBuildFile; fileRef = 626C145B5B5F6632E432DA7B /* DatabaseManager.swift */; };
		6AC0EE123999D91D4A3AE020 /* TimeEntryRepositoryTests.swift in Sources */ = {isa = PBXBuildFile; fileRef = 8F077202663A80B760926452 /* TimeEntryRepositoryTests.swift */; };
		71EF38C6A42B278BB0C015F3 /* ReportsViewModel.swift in Sources */ = {isa = PBXBuildFile; fileRef = 10477D701EBFDDFE5AC0C8DA /* ReportsViewModel.swift */; };
		738D40BC1AD001E2ECD35453 /* Color+Hex.swift in Sources */ = {isa = PBXBuildFile; fileRef = 1E6E4472807768F2ED6D9878 /* Color+Hex.swift */; };
		7C3D21139957920B423FF659 /* DurationFormatter.swift in Sources */ = {isa = PBXBuildFile; fileRef = 1B058371D20DEF4F230C891F /* DurationFormatter.swift */; };
		80C7F1F0EC1D958FE47067A5 /* OnboardingView.swift in Sources */ = {isa = PBXBuildFile; fileRef = CB14AD166D788E19574B4CD3 /* OnboardingView.swift */; };
		80EF8D7A17A5C5FF5EBFA890 /* ProjectsTabView.swift in Sources */ = {isa = PBXBuildFile; fileRef = 3E6258F42312C017320E0B74 /* ProjectsTabView.swift */; };
		8140B25E05350D9C66EA90E9 /* TimerTabView.swift in Sources */ = {isa = PBXBuildFile; fileRef = BF5F08D2805582074981BA3D /* TimerTabView.swift */; };
		82D2B24937EA12BAE9789E63 /* TimeTrailApp.swift in Sources */ = {isa = PBXBuildFile; fileRef = 8B092DAB0A2C15052B5B1424 /* TimeTrailApp.swift */; };
		834D76CF809724B47D398820 /* ProjectRepositoryTests.swift in Sources */ = {isa = PBXBuildFile; fileRef = 996CBBF7FC906A66868D234B /* ProjectRepositoryTests.swift */; };
		8D53FE5E0C5CB57AE222122C /* CSVExporterTests.swift in Sources */ = {isa = PBXBuildFile; fileRef = F063CD5C2254150D0464888B /* CSVExporterTests.swift */; };
		9C9A3262EDEFAF861C919499 /* TimerController.swift in Sources */ = {isa = PBXBuildFile; fileRef = 642A73F304F34BAF94A111BB /* TimerController.swift */; };
		C292D5386ABBF758190DF78D /* TimeEntry.swift in Sources */ = {isa = PBXBuildFile; fileRef = 4CE1DDB110CBFA2F09D1A896 /* TimeEntry.swift */; };
		C55E206FA03261D5B1BA3846 /* GRDB in Frameworks */ = {isa = PBXBuildFile; productRef = 5F55DD2965D5C4B859AEA79B /* GRDB */; };
		CC121E44327FF6FC9C7A0E90 /* EntryEditView.swift in Sources */ = {isa = PBXBuildFile; fileRef = D4C7CD8E9B6631D35223CC0C /* EntryEditView.swift */; };
		D57F264C866F53E61A7916BC /* ProjectsViewModel.swift in Sources */ = {isa = PBXBuildFile; fileRef = 9E607EB5557FE821029199C1 /* ProjectsViewModel.swift */; };
		E7D914AB2A21DECF3729EDC7 /* Project.swift in Sources */ = {isa = PBXBuildFile; fileRef = 99A1C69C8C014E216EF84ED3 /* Project.swift */; };
		EC390F9F54AA52606907EC25 /* TimerViewModel.swift in Sources */ = {isa = PBXBuildFile; fileRef = C17DC382AC1EA31AD2F1FDBB /* TimerViewModel.swift */; };
		FEF16090AFEA8E3533576770 /* StatusItemController.swift in Sources */ = {isa = PBXBuildFile; fileRef = FEBAC5F5EAC65BDBE76125A5 /* StatusItemController.swift */; };
/* End PBXBuildFile section */

/* Begin PBXContainerItemProxy section */
		77EA3FF8B94179D02ED9D77D /* PBXContainerItemProxy */ = {
			isa = PBXContainerItemProxy;
			containerPortal = D092B8CB3B44FAA829982C81 /* Project object */;
			proxyType = 1;
			remoteGlobalIDString = D3A3DD545EE8ED8FC9537CE0;
			remoteInfo = TimeTrail;
		};
/* End PBXContainerItemProxy section */

/* Begin PBXFileReference section */
		10477D701EBFDDFE5AC0C8DA /* ReportsViewModel.swift */ = {isa = PBXFileReference; lastKnownFileType = sourcecode.swift; path = ReportsViewModel.swift; sourceTree = "<group>"; };
		1B058371D20DEF4F230C891F /* DurationFormatter.swift */ = {isa = PBXFileReference; lastKnownFileType = sourcecode.swift; path = DurationFormatter.swift; sourceTree = "<group>"; };
		1E6E4472807768F2ED6D9878 /* Color+Hex.swift */ = {isa = PBXFileReference; lastKnownFileType = sourcecode.swift; path = "Color+Hex.swift"; sourceTree = "<group>"; };
		2566201663BF7A2AB93F51A2 /* CSVExporter.swift */ = {isa = PBXFileReference; lastKnownFileType = sourcecode.swift; path = CSVExporter.swift; sourceTree = "<group>"; };
		2C1311F58E1D6DC7AF5507B4 /* TimeTrailTests.xctest */ = {isa = PBXFileReference; explicitFileType = wrapper.cfbundle; includeInIndex = 0; path = TimeTrailTests.xctest; sourceTree = BUILT_PRODUCTS_DIR; };
		34B10D5B8DADCB3E6BA6F631 /* MainWindowView.swift */ = {isa = PBXFileReference; lastKnownFileType = sourcecode.swift; path = MainWindowView.swift; sourceTree = "<group>"; };
		3BA500134D6E2F9E00993550 /* QuickStatusView.swift */ = {isa = PBXFileReference; lastKnownFileType = sourcecode.swift; path = QuickStatusView.swift; sourceTree = "<group>"; };
		3E6258F42312C017320E0B74 /* ProjectsTabView.swift */ = {isa = PBXFileReference; lastKnownFileType = sourcecode.swift; path = ProjectsTabView.swift; sourceTree = "<group>"; };
		3F4D9B4D4BF3A3BAB069562B /* WelcomeView.swift */ = {isa = PBXFileReference; lastKnownFileType = sourcecode.swift; path = WelcomeView.swift; sourceTree = "<group>"; };
		4160C3B789C41AF80B9B2778 /* TimeEntryRepository.swift */ = {isa = PBXFileReference; lastKnownFileType = sourcecode.swift; path = TimeEntryRepository.swift; sourceTree = "<group>"; };
		4CE1DDB110CBFA2F09D1A896 /* TimeEntry.swift */ = {isa = PBXFileReference; lastKnownFileType = sourcecode.swift; path = TimeEntry.swift; sourceTree = "<group>"; };
		5CCD665E990C24738DC54C86 /* AppDelegate.swift */ = {isa = PBXFileReference; lastKnownFileType = sourcecode.swift; path = AppDelegate.swift; sourceTree = "<group>"; };
		5F6B9D374CC335E6BB8608E2 /* EntryEditViewModel.swift */ = {isa = PBXFileReference; lastKnownFileType = sourcecode.swift; path = EntryEditViewModel.swift; sourceTree = "<group>"; };
		626C145B5B5F6632E432DA7B /* DatabaseManager.swift */ = {isa = PBXFileReference; lastKnownFileType = sourcecode.swift; path = DatabaseManager.swift; sourceTree = "<group>"; };
		642A73F304F34BAF94A111BB /* TimerController.swift */ = {isa = PBXFileReference; lastKnownFileType = sourcecode.swift; path = TimerController.swift; sourceTree = "<group>"; };
		6B8E7BF66635FB8306BA3E22 /* TimeAggregator.swift */ = {isa = PBXFileReference; lastKnownFileType = sourcecode.swift; path = TimeAggregator.swift; sourceTree = "<group>"; };
		75E91F6841B1448F672BA0AC /* TimeAggregatorTests.swift */ = {isa = PBXFileReference; lastKnownFileType = sourcecode.swift; path = TimeAggregatorTests.swift; sourceTree = "<group>"; };
		776F1FD91263FA971E07A1FC /* TimerControllerTests.swift */ = {isa = PBXFileReference; lastKnownFileType = sourcecode.swift; path = TimerControllerTests.swift; sourceTree = "<group>"; };
		87FAF29FD0061C7FA61A06AC /* ReportsView.swift */ = {isa = PBXFileReference; lastKnownFileType = sourcecode.swift; path = ReportsView.swift; sourceTree = "<group>"; };
		8B092DAB0A2C15052B5B1424 /* TimeTrailApp.swift */ = {isa = PBXFileReference; lastKnownFileType = sourcecode.swift; path = TimeTrailApp.swift; sourceTree = "<group>"; };
		8F077202663A80B760926452 /* TimeEntryRepositoryTests.swift */ = {isa = PBXFileReference; lastKnownFileType = sourcecode.swift; path = TimeEntryRepositoryTests.swift; sourceTree = "<group>"; };
		91AEBD57257F2899519AF7DC /* ProjectEditView.swift */ = {isa = PBXFileReference; lastKnownFileType = sourcecode.swift; path = ProjectEditView.swift; sourceTree = "<group>"; };
		996CBBF7FC906A66868D234B /* ProjectRepositoryTests.swift */ = {isa = PBXFileReference; lastKnownFileType = sourcecode.swift; path = ProjectRepositoryTests.swift; sourceTree = "<group>"; };
		99A1C69C8C014E216EF84ED3 /* Project.swift */ = {isa = PBXFileReference; lastKnownFileType = sourcecode.swift; path = Project.swift; sourceTree = "<group>"; };
		9E607EB5557FE821029199C1 /* ProjectsViewModel.swift */ = {isa = PBXFileReference; lastKnownFileType = sourcecode.swift; path = ProjectsViewModel.swift; sourceTree = "<group>"; };
		AD665F4493C2BCE22B74EABD /* Migrations.swift */ = {isa = PBXFileReference; lastKnownFileType = sourcecode.swift; path = Migrations.swift; sourceTree = "<group>"; };
		B727BD3716D66EE44C0BEB37 /* TimeTrail.app */ = {isa = PBXFileReference; explicitFileType = wrapper.application; includeInIndex = 0; path = TimeTrail.app; sourceTree = BUILT_PRODUCTS_DIR; };
		B918900A96AB533BC6C68ECB /* Info.plist */ = {isa = PBXFileReference; lastKnownFileType = text.plist; path = Info.plist; sourceTree = "<group>"; };
		BF5F08D2805582074981BA3D /* TimerTabView.swift */ = {isa = PBXFileReference; lastKnownFileType = sourcecode.swift; path = TimerTabView.swift; sourceTree = "<group>"; };
		C17DC382AC1EA31AD2F1FDBB /* TimerViewModel.swift */ = {isa = PBXFileReference; lastKnownFileType = sourcecode.swift; path = TimerViewModel.swift; sourceTree = "<group>"; };
		C3549479341B30A05951782B /* DurationFormatterTests.swift */ = {isa = PBXFileReference; lastKnownFileType = sourcecode.swift; path = DurationFormatterTests.swift; sourceTree = "<group>"; };
		CB14AD166D788E19574B4CD3 /* OnboardingView.swift */ = {isa = PBXFileReference; lastKnownFileType = sourcecode.swift; path = OnboardingView.swift; sourceTree = "<group>"; };
		D4C7CD8E9B6631D35223CC0C /* EntryEditView.swift */ = {isa = PBXFileReference; lastKnownFileType = sourcecode.swift; path = EntryEditView.swift; sourceTree = "<group>"; };
		F063CD5C2254150D0464888B /* CSVExporterTests.swift */ = {isa = PBXFileReference; lastKnownFileType = sourcecode.swift; path = CSVExporterTests.swift; sourceTree = "<group>"; };
		F78056CD367E6C79875A88C6 /* ProjectRepository.swift */ = {isa = PBXFileReference; lastKnownFileType = sourcecode.swift; path = ProjectRepository.swift; sourceTree = "<group>"; };
		FEBAC5F5EAC65BDBE76125A5 /* StatusItemController.swift */ = {isa = PBXFileReference; lastKnownFileType = sourcecode.swift; path = StatusItemController.swift; sourceTree = "<group>"; };
/* End PBXFileReference section */

/* Begin PBXFrameworksBuildPhase section */
		233F73BF67541B0EAEB24ACE /* Frameworks */ = {
			isa = PBXFrameworksBuildPhase;
			buildActionMask = 2147483647;
			files = (
				C55E206FA03261D5B1BA3846 /* GRDB in Frameworks */,
			);
			runOnlyForDeploymentPostprocessing = 0;
		};
		4BE4BDF145731F76129D17B9 /* Frameworks */ = {
			isa = PBXFrameworksBuildPhase;
			buildActionMask = 2147483647;
			files = (
				1486E049F16705FAF0253E44 /* GRDB in Frameworks */,
			);
			runOnlyForDeploymentPostprocessing = 0;
		};
/* End PBXFrameworksBuildPhase section */

/* Begin PBXGroup section */
		0BA425AA6BF4234E533FFA49 /* Timer */ = {
			isa = PBXGroup;
			children = (
				642A73F304F34BAF94A111BB /* TimerController.swift */,
			);
			path = Timer;
			sourceTree = "<group>";
		};
		0CA75F363B66E8581777B00C /* MainWindow */ = {
			isa = PBXGroup;
			children = (
				34B10D5B8DADCB3E6BA6F631 /* MainWindowView.swift */,
				91AEBD57257F2899519AF7DC /* ProjectEditView.swift */,
				3E6258F42312C017320E0B74 /* ProjectsTabView.swift */,
				9E607EB5557FE821029199C1 /* ProjectsViewModel.swift */,
				BF5F08D2805582074981BA3D /* TimerTabView.swift */,
				C17DC382AC1EA31AD2F1FDBB /* TimerViewModel.swift */,
			);
			path = MainWindow;
			sourceTree = "<group>";
		};
		1D6044341F082CE76C7C260D /* Reports */ = {
			isa = PBXGroup;
			children = (
				87FAF29FD0061C7FA61A06AC /* ReportsView.swift */,
				10477D701EBFDDFE5AC0C8DA /* ReportsViewModel.swift */,
			);
			path = Reports;
			sourceTree = "<group>";
		};
		1E0655A3B387388F03656025 /* Utilities */ = {
			isa = PBXGroup;
			children = (
				1E6E4472807768F2ED6D9878 /* Color+Hex.swift */,
			);
			path = Utilities;
			sourceTree = "<group>";
		};
		2285BAF593486678B2FF8929 /* EntryEdit */ = {
			isa = PBXGroup;
			children = (
				D4C7CD8E9B6631D35223CC0C /* EntryEditView.swift */,
				5F6B9D374CC335E6BB8608E2 /* EntryEditViewModel.swift */,
			);
			path = EntryEdit;
			sourceTree = "<group>";
		};
		2BA13F8A26CD1F077825B5A4 /* TimeTrail */ = {
			isa = PBXGroup;
			children = (
				5CCD665E990C24738DC54C86 /* AppDelegate.swift */,
				B918900A96AB533BC6C68ECB /* Info.plist */,
				8B092DAB0A2C15052B5B1424 /* TimeTrailApp.swift */,
				EC45F0A846B37735D9B68CAE /* Database */,
				95483D54E09B5DCE7E3AB563 /* MenuBar */,
				AA6AC3CD18107EB6CC7A6190 /* Models */,
				7155EE42DE50451373200817 /* Onboarding */,
				3379644EF36C0D4076F8BA69 /* Repositories */,
				0BA425AA6BF4234E533FFA49 /* Timer */,
				1E0655A3B387388F03656025 /* Utilities */,
				442907320C79174DE856CF3A /* Views */,
			);
			path = TimeTrail;
			sourceTree = "<group>";
		};
		3379644EF36C0D4076F8BA69 /* Repositories */ = {
			isa = PBXGroup;
			children = (
				F78056CD367E6C79875A88C6 /* ProjectRepository.swift */,
				4160C3B789C41AF80B9B2778 /* TimeEntryRepository.swift */,
			);
			path = Repositories;
			sourceTree = "<group>";
		};
		442907320C79174DE856CF3A /* Views */ = {
			isa = PBXGroup;
			children = (
				2285BAF593486678B2FF8929 /* EntryEdit */,
				0CA75F363B66E8581777B00C /* MainWindow */,
				1D6044341F082CE76C7C260D /* Reports */,
			);
			path = Views;
			sourceTree = "<group>";
		};
		61A2B8905923AF5B3ECE1C08 = {
			isa = PBXGroup;
			children = (
				2BA13F8A26CD1F077825B5A4 /* TimeTrail */,
				72FE38EFE1AB58D56764FBC4 /* TimeTrailTests */,
				C824FD7F84E42AEEE23D2DF9 /* Products */,
			);
			sourceTree = "<group>";
		};
		7155EE42DE50451373200817 /* Onboarding */ = {
			isa = PBXGroup;
			children = (
				CB14AD166D788E19574B4CD3 /* OnboardingView.swift */,
				3F4D9B4D4BF3A3BAB069562B /* WelcomeView.swift */,
			);
			path = Onboarding;
			sourceTree = "<group>";
		};
		72FE38EFE1AB58D56764FBC4 /* TimeTrailTests */ = {
			isa = PBXGroup;
			children = (
				F063CD5C2254150D0464888B /* CSVExporterTests.swift */,
				C3549479341B30A05951782B /* DurationFormatterTests.swift */,
				996CBBF7FC906A66868D234B /* ProjectRepositoryTests.swift */,
				75E91F6841B1448F672BA0AC /* TimeAggregatorTests.swift */,
				8F077202663A80B760926452 /* TimeEntryRepositoryTests.swift */,
				776F1FD91263FA971E07A1FC /* TimerControllerTests.swift */,
			);
			path = TimeTrailTests;
			sourceTree = "<group>";
		};
		95483D54E09B5DCE7E3AB563 /* MenuBar */ = {
			isa = PBXGroup;
			children = (
				2566201663BF7A2AB93F51A2 /* CSVExporter.swift */,
				1B058371D20DEF4F230C891F /* DurationFormatter.swift */,
				3BA500134D6E2F9E00993550 /* QuickStatusView.swift */,
				FEBAC5F5EAC65BDBE76125A5 /* StatusItemController.swift */,
				6B8E7BF66635FB8306BA3E22 /* TimeAggregator.swift */,
			);
			path = MenuBar;
			sourceTree = "<group>";
		};
		AA6AC3CD18107EB6CC7A6190 /* Models */ = {
			isa = PBXGroup;
			children = (
				99A1C69C8C014E216EF84ED3 /* Project.swift */,
				4CE1DDB110CBFA2F09D1A896 /* TimeEntry.swift */,
			);
			path = Models;
			sourceTree = "<group>";
		};
		C824FD7F84E42AEEE23D2DF9 /* Products */ = {
			isa = PBXGroup;
			children = (
				B727BD3716D66EE44C0BEB37 /* TimeTrail.app */,
				2C1311F58E1D6DC7AF5507B4 /* TimeTrailTests.xctest */,
			);
			name = Products;
			sourceTree = "<group>";
		};
		EC45F0A846B37735D9B68CAE /* Database */ = {
			isa = PBXGroup;
			children = (
				626C145B5B5F6632E432DA7B /* DatabaseManager.swift */,
				AD665F4493C2BCE22B74EABD /* Migrations.swift */,
			);
			path = Database;
			sourceTree = "<group>";
		};
/* End PBXGroup section */

/* Begin PBXNativeTarget section */
		D2F2099E64F2AB2900ED6511 /* TimeTrailTests */ = {
			isa = PBXNativeTarget;
			buildConfigurationList = 070F250A5EFA75E9AB7194BB /* Build configuration list for PBXNativeTarget "TimeTrailTests" */;
			buildPhases = (
				8B1023B79757F07AF6ADD88E /* Sources */,
				233F73BF67541B0EAEB24ACE /* Frameworks */,
			);
			buildRules = (
			);
			dependencies = (
				9B48A8D1639FF6789099EBEB /* PBXTargetDependency */,
			);
			name = TimeTrailTests;
			packageProductDependencies = (
				5F55DD2965D5C4B859AEA79B /* GRDB */,
			);
			productName = TimeTrailTests;
			productReference = 2C1311F58E1D6DC7AF5507B4 /* TimeTrailTests.xctest */;
			productType = "com.apple.product-type.bundle.unit-test";
		};
		D3A3DD545EE8ED8FC9537CE0 /* TimeTrail */ = {
			isa = PBXNativeTarget;
			buildConfigurationList = 4E4034E3009E9EE74D6E3DF8 /* Build configuration list for PBXNativeTarget "TimeTrail" */;
			buildPhases = (
				FEF74499E71C924DC3E165FA /* Sources */,
				4BE4BDF145731F76129D17B9 /* Frameworks */,
			);
			buildRules = (
			);
			dependencies = (
			);
			name = TimeTrail;
			packageProductDependencies = (
				4700B46E1E99720C27E0045C /* GRDB */,
			);
			productName = TimeTrail;
			productReference = B727BD3716D66EE44C0BEB37 /* TimeTrail.app */;
			productType = "com.apple.product-type.application";
		};
/* End PBXNativeTarget section */

/* Begin PBXProject section */
		D092B8CB3B44FAA829982C81 /* Project object */ = {
			isa = PBXProject;
			attributes = {
				BuildIndependentTargetsInParallel = YES;
				LastUpgradeCheck = 1430;
				TargetAttributes = {
				};
			};
			buildConfigurationList = D7057F7CED1E933D2D8C520A /* Build configuration list for PBXProject "TimeTrail" */;
			developmentRegion = en;
			hasScannedForEncodings = 0;
			knownRegions = (
				Base,
				en,
			);
			mainGroup = 61A2B8905923AF5B3ECE1C08;
			minimizedProjectReferenceProxies = 1;
			packageReferences = (
				29BA75C95B20BCE5381397A9 /* XCRemoteSwiftPackageReference "GRDB.swift" */,
			);
			preferredProjectObjectVersion = 77;
			productRefGroup = C824FD7F84E42AEEE23D2DF9 /* Products */;
			projectDirPath = "";
			projectRoot = "";
			targets = (
				D3A3DD545EE8ED8FC9537CE0 /* TimeTrail */,
				D2F2099E64F2AB2900ED6511 /* TimeTrailTests */,
			);
		};
/* End PBXProject section */

/* Begin PBXSourcesBuildPhase section */
		8B1023B79757F07AF6ADD88E /* Sources */ = {
			isa = PBXSourcesBuildPhase;
			buildActionMask = 2147483647;
			files = (
				8D53FE5E0C5CB57AE222122C /* CSVExporterTests.swift in Sources */,
				158397D825DA130E2FC4FA38 /* DurationFormatterTests.swift in Sources */,
				834D76CF809724B47D398820 /* ProjectRepositoryTests.swift in Sources */,
				3F7DCE1870E00746CF807D5E /* TimeAggregatorTests.swift in Sources */,
				6AC0EE123999D91D4A3AE020 /* TimeEntryRepositoryTests.swift in Sources */,
				4390E7C34D0C78B066184119 /* TimerControllerTests.swift in Sources */,
			);
			runOnlyForDeploymentPostprocessing = 0;
		};
		FEF74499E71C924DC3E165FA /* Sources */ = {
			isa = PBXSourcesBuildPhase;
			buildActionMask = 2147483647;
			files = (
				4616EDEE3190569127BB78E5 /* AppDelegate.swift in Sources */,
				43FB1F36ED8CB6C189ADD33C /* CSVExporter.swift in Sources */,
				738D40BC1AD001E2ECD35453 /* Color+Hex.swift in Sources */,
				66D9E4BBBCFD03780C2F9625 /* DatabaseManager.swift in Sources */,
				7C3D21139957920B423FF659 /* DurationFormatter.swift in Sources */,
				CC121E44327FF6FC9C7A0E90 /* EntryEditView.swift in Sources */,
				37318B4246871669728D8455 /* EntryEditViewModel.swift in Sources */,
				34AD49AACD43231CF83741FE /* MainWindowView.swift in Sources */,
				31603017418C5B6656331D4E /* Migrations.swift in Sources */,
				80C7F1F0EC1D958FE47067A5 /* OnboardingView.swift in Sources */,
				E7D914AB2A21DECF3729EDC7 /* Project.swift in Sources */,
				51CFD01ED96E078CFAE3BC95 /* ProjectEditView.swift in Sources */,
				0BCACAC90986C885BC2C2B07 /* ProjectRepository.swift in Sources */,
				80EF8D7A17A5C5FF5EBFA890 /* ProjectsTabView.swift in Sources */,
				D57F264C866F53E61A7916BC /* ProjectsViewModel.swift in Sources */,
				0CDDA10DA4619C14842ED193 /* QuickStatusView.swift in Sources */,
				361807EAEA4AB6010AC44F34 /* ReportsView.swift in Sources */,
				71EF38C6A42B278BB0C015F3 /* ReportsViewModel.swift in Sources */,
				FEF16090AFEA8E3533576770 /* StatusItemController.swift in Sources */,
				179E259EABA63A3B4AD8A711 /* TimeAggregator.swift in Sources */,
				C292D5386ABBF758190DF78D /* TimeEntry.swift in Sources */,
				03F772ED3251DEFC3FAE86A1 /* TimeEntryRepository.swift in Sources */,
				82D2B24937EA12BAE9789E63 /* TimeTrailApp.swift in Sources */,
				9C9A3262EDEFAF861C919499 /* TimerController.swift in Sources */,
				8140B25E05350D9C66EA90E9 /* TimerTabView.swift in Sources */,
				EC390F9F54AA52606907EC25 /* TimerViewModel.swift in Sources */,
				28A759E7306379AAED0FDBBC /* WelcomeView.swift in Sources */,
			);
			runOnlyForDeploymentPostprocessing = 0;
		};
/* End PBXSourcesBuildPhase section */

/* Begin PBXTargetDependency section */
		9B48A8D1639FF6789099EBEB /* PBXTargetDependency */ = {
			isa = PBXTargetDependency;
			target = D3A3DD545EE8ED8FC9537CE0 /* TimeTrail */;
			targetProxy = 77EA3FF8B94179D02ED9D77D /* PBXContainerItemProxy */;
		};
/* End PBXTargetDependency section */

/* Begin XCBuildConfiguration section */
		30DA35DEE0ADF38AD2944DC8 /* Release */ = {
			isa = XCBuildConfiguration;
			buildSettings = {
				ALWAYS_SEARCH_USER_PATHS = NO;
				CLANG_ANALYZER_NONNULL = YES;
				CLANG_ANALYZER_NUMBER_OBJECT_CONVERSION = YES_AGGRESSIVE;
				CLANG_CXX_LANGUAGE_STANDARD = "gnu++14";
				CLANG_CXX_LIBRARY = "libc++";
				CLANG_ENABLE_MODULES = YES;
				CLANG_ENABLE_OBJC_ARC = YES;
				CLANG_ENABLE_OBJC_WEAK = YES;
				CLANG_WARN_BLOCK_CAPTURE_AUTORELEASING = YES;
				CLANG_WARN_BOOL_CONVERSION = YES;
				CLANG_WARN_COMMA = YES;
				CLANG_WARN_CONSTANT_CONVERSION = YES;
				CLANG_WARN_DEPRECATED_OBJC_IMPLEMENTATIONS = YES;
				CLANG_WARN_DIRECT_OBJC_ISA_USAGE = YES_ERROR;
				CLANG_WARN_DOCUMENTATION_COMMENTS = YES;
				CLANG_WARN_EMPTY_BODY = YES;
				CLANG_WARN_ENUM_CONVERSION = YES;
				CLANG_WARN_INFINITE_RECURSION = YES;
				CLANG_WARN_INT_CONVERSION = YES;
				CLANG_WARN_NON_LITERAL_NULL_CONVERSION = YES;
				CLANG_WARN_OBJC_IMPLICIT_RETAIN_SELF = YES;
				CLANG_WARN_OBJC_LITERAL_CONVERSION = YES;
				CLANG_WARN_OBJC_ROOT_CLASS = YES_ERROR;
				CLANG_WARN_QUOTED_INCLUDE_IN_FRAMEWORK_HEADER = YES;
				CLANG_WARN_RANGE_LOOP_ANALYSIS = YES;
				CLANG_WARN_STRICT_PROTOTYPES = YES;
				CLANG_WARN_SUSPICIOUS_MOVE = YES;
				CLANG_WARN_UNGUARDED_AVAILABILITY = YES_AGGRESSIVE;
				CLANG_WARN_UNREACHABLE_CODE = YES;
				CLANG_WARN__DUPLICATE_METHOD_MATCH = YES;
				COPY_PHASE_STRIP = NO;
				DEBUG_INFORMATION_FORMAT = "dwarf-with-dsym";
				ENABLE_NS_ASSERTIONS = NO;
				ENABLE_STRICT_OBJC_MSGSEND = YES;
				GCC_C_LANGUAGE_STANDARD = gnu11;
				GCC_NO_COMMON_BLOCKS = YES;
				GCC_WARN_64_TO_32_BIT_CONVERSION = YES;
				GCC_WARN_ABOUT_RETURN_TYPE = YES_ERROR;
				GCC_WARN_UNDECLARED_SELECTOR = YES;
				GCC_WARN_UNINITIALIZED_AUTOS = YES_AGGRESSIVE;
				GCC_WARN_UNUSED_FUNCTION = YES;
				GCC_WARN_UNUSED_VARIABLE = YES;
				MACOSX_DEPLOYMENT_TARGET = 13.0;
				MTL_ENABLE_DEBUG_INFO = NO;
				MTL_FAST_MATH = YES;
				PRODUCT_NAME = "$(TARGET_NAME)";
				SDKROOT = macosx;
				SWIFT_COMPILATION_MODE = wholemodule;
				SWIFT_OPTIMIZATION_LEVEL = "-O";
				SWIFT_STRICT_CONCURRENCY = minimal;
				SWIFT_VERSION = 5;
			};
			name = Release;
		};
		627456EB1768A5CF62D07D1F /* Debug */ = {
			isa = XCBuildConfiguration;
			buildSettings = {
				ASSETCATALOG_COMPILER_APPICON_NAME = AppIcon;
				COMBINE_HIDPI_IMAGES = YES;
				ENABLE_HARDENED_RUNTIME = YES;
				INFOPLIST_FILE = TimeTrail/Info.plist;
				LD_RUNPATH_SEARCH_PATHS = (
					"$(inherited)",
					"@executable_path/../Frameworks",
				);
				MACOSX_DEPLOYMENT_TARGET = 13.0;
				PRODUCT_BUNDLE_IDENTIFIER = com.timetrail.app;
				SDKROOT = macosx;
			};
			name = Debug;
		};
		9ED422CA1208A3ABC3812C94 /* Debug */ = {
			isa = XCBuildConfiguration;
			buildSettings = {
				ALWAYS_SEARCH_USER_PATHS = NO;
				CLANG_ANALYZER_NONNULL = YES;
				CLANG_ANALYZER_NUMBER_OBJECT_CONVERSION = YES_AGGRESSIVE;
				CLANG_CXX_LANGUAGE_STANDARD = "gnu++14";
				CLANG_CXX_LIBRARY = "libc++";
				CLANG_ENABLE_MODULES = YES;
				CLANG_ENABLE_OBJC_ARC = YES;
				CLANG_ENABLE_OBJC_WEAK = YES;
				CLANG_WARN_BLOCK_CAPTURE_AUTORELEASING = YES;
				CLANG_WARN_BOOL_CONVERSION = YES;
				CLANG_WARN_COMMA = YES;
				CLANG_WARN_CONSTANT_CONVERSION = YES;
				CLANG_WARN_DEPRECATED_OBJC_IMPLEMENTATIONS = YES;
				CLANG_WARN_DIRECT_OBJC_ISA_USAGE = YES_ERROR;
				CLANG_WARN_DOCUMENTATION_COMMENTS = YES;
				CLANG_WARN_EMPTY_BODY = YES;
				CLANG_WARN_ENUM_CONVERSION = YES;
				CLANG_WARN_INFINITE_RECURSION = YES;
				CLANG_WARN_INT_CONVERSION = YES;
				CLANG_WARN_NON_LITERAL_NULL_CONVERSION = YES;
				CLANG_WARN_OBJC_IMPLICIT_RETAIN_SELF = YES;
				CLANG_WARN_OBJC_LITERAL_CONVERSION = YES;
				CLANG_WARN_OBJC_ROOT_CLASS = YES_ERROR;
				CLANG_WARN_QUOTED_INCLUDE_IN_FRAMEWORK_HEADER = YES;
				CLANG_WARN_RANGE_LOOP_ANALYSIS = YES;
				CLANG_WARN_STRICT_PROTOTYPES = YES;
				CLANG_WARN_SUSPICIOUS_MOVE = YES;
				CLANG_WARN_UNGUARDED_AVAILABILITY = YES_AGGRESSIVE;
				CLANG_WARN_UNREACHABLE_CODE = YES;
				CLANG_WARN__DUPLICATE_METHOD_MATCH = YES;
				COPY_PHASE_STRIP = NO;
				DEBUG_INFORMATION_FORMAT = dwarf;
				ENABLE_STRICT_OBJC_MSGSEND = YES;
				ENABLE_TESTABILITY = YES;
				GCC_C_LANGUAGE_STANDARD = gnu11;
				GCC_DYNAMIC_NO_PIC = NO;
				GCC_NO_COMMON_BLOCKS = YES;
				GCC_OPTIMIZATION_LEVEL = 0;
				GCC_PREPROCESSOR_DEFINITIONS = (
					"$(inherited)",
					"DEBUG=1",
				);
				GCC_WARN_64_TO_32_BIT_CONVERSION = YES;
				GCC_WARN_ABOUT_RETURN_TYPE = YES_ERROR;
				GCC_WARN_UNDECLARED_SELECTOR = YES;
				GCC_WARN_UNINITIALIZED_AUTOS = YES_AGGRESSIVE;
				GCC_WARN_UNUSED_FUNCTION = YES;
				GCC_WARN_UNUSED_VARIABLE = YES;
				MACOSX_DEPLOYMENT_TARGET = 13.0;
				MTL_ENABLE_DEBUG_INFO = INCLUDE_SOURCE;
				MTL_FAST_MATH = YES;
				ONLY_ACTIVE_ARCH = YES;
				PRODUCT_NAME = "$(TARGET_NAME)";
				SDKROOT = macosx;
				SWIFT_ACTIVE_COMPILATION_CONDITIONS = DEBUG;
				SWIFT_OPTIMIZATION_LEVEL = "-Onone";
				SWIFT_STRICT_CONCURRENCY = minimal;
				SWIFT_VERSION = 5;
			};
			name = Debug;
		};
		AC78E7151249605ECA115E07 /* Release */ = {
			isa = XCBuildConfiguration;
			buildSettings = {
				BUNDLE_LOADER = "$(TEST_HOST)";
				COMBINE_HIDPI_IMAGES = YES;
				GENERATE_INFOPLIST_FILE = YES;
				LD_RUNPATH_SEARCH_PATHS = (
					"$(inherited)",
					"@executable_path/../Frameworks",
					"@loader_path/../Frameworks",
				);
				MACOSX_DEPLOYMENT_TARGET = 13.0;
				PRODUCT_BUNDLE_IDENTIFIER = com.timetrail.tests;
				SDKROOT = macosx;
				TEST_HOST = "$(BUILT_PRODUCTS_DIR)/TimeTrail.app/Contents/MacOS/TimeTrail";
			};
			name = Release;
		};
		AF231B8881A783438F1E3757 /* Release */ = {
			isa = XCBuildConfiguration;
			buildSettings = {
				ASSETCATALOG_COMPILER_APPICON_NAME = AppIcon;
				COMBINE_HIDPI_IMAGES = YES;
				ENABLE_HARDENED_RUNTIME = YES;
				INFOPLIST_FILE = TimeTrail/Info.plist;
				LD_RUNPATH_SEARCH_PATHS = (
					"$(inherited)",
					"@executable_path/../Frameworks",
				);
				MACOSX_DEPLOYMENT_TARGET = 13.0;
				PRODUCT_BUNDLE_IDENTIFIER = com.timetrail.app;
				SDKROOT = macosx;
			};
			name = Release;
		};
		DE94EF249EE750FAED717164 /* Debug */ = {
			isa = XCBuildConfiguration;
			buildSettings = {
				BUNDLE_LOADER = "$(TEST_HOST)";
				COMBINE_HIDPI_IMAGES = YES;
				GENERATE_INFOPLIST_FILE = YES;
				LD_RUNPATH_SEARCH_PATHS = (
					"$(inherited)",
					"@executable_path/../Frameworks",
					"@loader_path/../Frameworks",
				);
				MACOSX_DEPLOYMENT_TARGET = 13.0;
				PRODUCT_BUNDLE_IDENTIFIER = com.timetrail.tests;
				SDKROOT = macosx;
				TEST_HOST = "$(BUILT_PRODUCTS_DIR)/TimeTrail.app/Contents/MacOS/TimeTrail";
			};
			name = Debug;
		};
/* End XCBuildConfiguration section */

/* Begin XCConfigurationList section */
		070F250A5EFA75E9AB7194BB /* Build configuration list for PBXNativeTarget "TimeTrailTests" */ = {
			isa = XCConfigurationList;
			buildConfigurations = (
				DE94EF249EE750FAED717164 /* Debug */,
				AC78E7151249605ECA115E07 /* Release */,
			);
			defaultConfigurationIsVisible = 0;
			defaultConfigurationName = Debug;
		};
		4E4034E3009E9EE74D6E3DF8 /* Build configuration list for PBXNativeTarget "TimeTrail" */ = {
			isa = XCConfigurationList;
			buildConfigurations = (
				627456EB1768A5CF62D07D1F /* Debug */,
				AF231B8881A783438F1E3757 /* Release */,
			);
			defaultConfigurationIsVisible = 0;
			defaultConfigurationName = Debug;
		};
		D7057F7CED1E933D2D8C520A /* Build configuration list for PBXProject "TimeTrail" */ = {
			isa = XCConfigurationList;
			buildConfigurations = (
				9ED422CA1208A3ABC3812C94 /* Debug */,
				30DA35DEE0ADF38AD2944DC8 /* Release */,
			);
			defaultConfigurationIsVisible = 0;
			defaultConfigurationName = Debug;
		};
/* End XCConfigurationList section */

/* Begin XCRemoteSwiftPackageReference section */
		29BA75C95B20BCE5381397A9 /* XCRemoteSwiftPackageReference "GRDB.swift" */ = {
			isa = XCRemoteSwiftPackageReference;
			repositoryURL = "https://github.com/groue/GRDB.swift";
			requirement = {
				kind = upToNextMajorVersion;
				minimumVersion = 6.0.0;
			};
		};
/* End XCRemoteSwiftPackageReference section */

/* Begin XCSwiftPackageProductDependency section */
		4700B46E1E99720C27E0045C /* GRDB */ = {
			isa = XCSwiftPackageProductDependency;
			package = 29BA75C95B20BCE5381397A9 /* XCRemoteSwiftPackageReference "GRDB.swift" */;
			productName = GRDB;
		};
		5F55DD2965D5C4B859AEA79B /* GRDB */ = {
			isa = XCSwiftPackageProductDependency;
			package = 29BA75C95B20BCE5381397A9 /* XCRemoteSwiftPackageReference "GRDB.swift" */;
			productName = GRDB;
		};
/* End XCSwiftPackageProductDependency section */
	};
	rootObject = D092B8CB3B44FAA829982C81 /* Project object */;
}
